
Microsoft Visual Studio Solution File, Format Version 12.00
# Visual Studio Version 16
VisualStudioVersion = 16.0.31205.134
MinimumVisualStudioVersion = 10.0.40219.1
Project("{FAE04EC0-301F-11D3-BF4B-00C04F79EFBC}") = "KitchenPro", "KitchenPro\KitchenPro.csproj", "{545D98CC-B42B-41D2-8A27-543DF3993E53}"
EndProject
Global
	GlobalSection(SolutionConfigurationPlatforms) = preSolution
		Debug|Any CPU = Debug|Any CPU
		Release|Any CPU = Release|Any CPU
	EndGlobalSection
	GlobalSection(ProjectConfigurationPlatforms) = postSolution
		{545D98CC-B42B-41D2-8A27-543DF3993E53}.Debug|Any CPU.ActiveCfg = Debug|Any CPU
		{545D98CC-B42B-41D2-8A27-543DF3993E53}.Debug|Any CPU.Build.0 = Debug|Any CPU
		{545D98CC-B42B-41D2-8A27-543DF3993E53}.Release|Any CPU.ActiveCfg = Release|Any CPU
		{545D98CC-B42B-41D2-8A27-543DF3993E53}.Release|Any CPU.Build.0 = Release|Any CPU
	EndGlobalSection
	GlobalSection(SolutionProperties) = preSolution
		HideSolutionNode = FALSE
	EndGlobalSection
	GlobalSection(ExtensibilityGlobals) = postSolution
		SolutionGuid = {2B0ABB44-ED82-43BE-B243-71AC6BCD47EF}
	EndGlobalSection
EndGlobal
